
Microsoft Visual Studio Solution File, Format Version 12.00
# Visual Studio Version 16
VisualStudioVersion = 16.0.28729.10
MinimumVisualStudioVersion = 10.0.40219.1
Project("{FAE04EC0-301F-11D3-BF4B-00C04F79EFBC}") = "dir-watch-transfer-ui", "dir-watch-transfer-ui\dir-watch-transfer-ui.csproj", "{26AE6DC3-A812-45CC-8818-79A0553374BF}"
EndProject
Project("{54435603-DBB4-11D2-8724-00A0C9A8B90C}") = "dir-watch-transfer-installer", "dir-watch-transfer-installer\dir-watch-transfer-installer.vdproj", "{B578C953-16D9-4616-89B5-9FC809F7472D}"
EndProject
Project("{2150E333-8FDC-42A3-9474-1A3956D46DE8}") = "Solution Items", "Solution Items", "{5829FA88-A604-4205-9863-FE4EA0BF58AA}"
	ProjectSection(SolutionItems) = preProject
		.gitignore = .gitignore
		client-app-run.bat = client-app-run.bat
	EndProjectSection
EndProject
Project("{9A19103F-16F7-4668-BE54-9A1E7A4F7556}") = "dir-watch-transfer-web", "dir-watch-transfer-web\dir-watch-transfer-web.csproj", "{957FA69C-B298-4D29-81C8-DCA6B2075E26}"
EndProject
Global
	GlobalSection(SolutionConfigurationPlatforms) = preSolution
		Debug|Any CPU = Debug|Any CPU
		Debug|ARM = Debug|ARM
		Debug|ARM64 = Debug|ARM64
		Debug|x64 = Debug|x64
		Debug|x86 = Debug|x86
		Release|Any CPU = Release|Any CPU
		Release|ARM = Release|ARM
		Release|ARM64 = Release|ARM64
		Release|x64 = Release|x64
		Release|x86 = Release|x86
	EndGlobalSection
	GlobalSection(ProjectConfigurationPlatforms) = postSolution
		{26AE6DC3-A812-45CC-8818-79A0553374BF}.Debug|Any CPU.ActiveCfg = Debug|Any CPU
		{26AE6DC3-A812-45CC-8818-79A0553374BF}.Debug|Any CPU.Build.0 = Debug|Any CPU
		{26AE6DC3-A812-45CC-8818-79A0553374BF}.Debug|ARM.ActiveCfg = Debug|Any CPU
		{26AE6DC3-A812-45CC-8818-79A0553374BF}.Debug|ARM.Build.0 = Debug|Any CPU
		{26AE6DC3-A812-45CC-8818-79A0553374BF}.Debug|ARM64.ActiveCfg = Debug|Any CPU
		{26AE6DC3-A812-45CC-8818-79A0553374BF}.Debug|ARM64.Build.0 = Debug|Any CPU
		{26AE6DC3-A812-45CC-8818-79A0553374BF}.Debug|x64.ActiveCfg = Debug|Any CPU
		{26AE6DC3-A812-45CC-8818-79A0553374BF}.Debug|x64.Build.0 = Debug|Any CPU
		{26AE6DC3-A812-45CC-8818-79A0553374BF}.Debug|x86.ActiveCfg = Debug|Any CPU
		{26AE6DC3-A812-45CC-8818-79A0553374BF}.Debug|x86.Build.0 = Debug|Any CPU
		{26AE6DC3-A812-45CC-8818-79A0553374BF}.Release|Any CPU.ActiveCfg = Release|Any CPU
		{26AE6DC3-A812-45CC-8818-79A0553374BF}.Release|Any CPU.Build.0 = Release|Any CPU
		{26AE6DC3-A812-45CC-8818-79A0553374BF}.Release|ARM.ActiveCfg = Release|Any CPU
		{26AE6DC3-A812-45CC-8818-79A0553374BF}.Release|ARM.Build.0 = Release|Any CPU
		{26AE6DC3-A812-45CC-8818-79A0553374BF}.Release|ARM64.ActiveCfg = Release|Any CPU
		{26AE6DC3-A812-45CC-8818-79A0553374BF}.Release|ARM64.Build.0 = Release|Any CPU
		{26AE6DC3-A812-45CC-8818-79A0553374BF}.Release|x64.ActiveCfg = Release|Any CPU
		{26AE6DC3-A812-45CC-8818-79A0553374BF}.Release|x64.Build.0 = Release|Any CPU
		{26AE6DC3-A812-45CC-8818-79A0553374BF}.Release|x86.ActiveCfg = Release|Any CPU
		{26AE6DC3-A812-45CC-8818-79A0553374BF}.Release|x86.Build.0 = Release|Any CPU
		{B578C953-16D9-4616-89B5-9FC809F7472D}.Debug|Any CPU.ActiveCfg = Debug
		{B578C953-16D9-4616-89B5-9FC809F7472D}.Debug|ARM.ActiveCfg = Debug
		{B578C953-16D9-4616-89B5-9FC809F7472D}.Debug|ARM64.ActiveCfg = Debug
		{B578C953-16D9-4616-89B5-9FC809F7472D}.Debug|x64.ActiveCfg = Debug
		{B578C953-16D9-4616-89B5-9FC809F7472D}.Debug|x86.ActiveCfg = Debug
		{B578C953-16D9-4616-89B5-9FC809F7472D}.Release|Any CPU.ActiveCfg = Release
		{B578C953-16D9-4616-89B5-9FC809F7472D}.Release|ARM.ActiveCfg = Release
		{B578C953-16D9-4616-89B5-9FC809F7472D}.Release|ARM64.ActiveCfg = Release
		{B578C953-16D9-4616-89B5-9FC809F7472D}.Release|x64.ActiveCfg = Release
		{B578C953-16D9-4616-89B5-9FC809F7472D}.Release|x86.ActiveCfg = Release
		{957FA69C-B298-4D29-81C8-DCA6B2075E26}.Debug|Any CPU.ActiveCfg = Debug|Any CPU
		{957FA69C-B298-4D29-81C8-DCA6B2075E26}.Debug|Any CPU.Build.0 = Debug|Any CPU
		{957FA69C-B298-4D29-81C8-DCA6B2075E26}.Debug|ARM.ActiveCfg = Debug|Any CPU
		{957FA69C-B298-4D29-81C8-DCA6B2075E26}.Debug|ARM.Build.0 = Debug|Any CPU
		{957FA69C-B298-4D29-81C8-DCA6B2075E26}.Debug|ARM64.ActiveCfg = Debug|Any CPU
		{957FA69C-B298-4D29-81C8-DCA6B2075E26}.Debug|ARM64.Build.0 = Debug|Any CPU
		{957FA69C-B298-4D29-81C8-DCA6B2075E26}.Debug|x64.ActiveCfg = Debug|Any CPU
		{957FA69C-B298-4D29-81C8-DCA6B2075E26}.Debug|x64.Build.0 = Debug|Any CPU
		{957FA69C-B298-4D29-81C8-DCA6B2075E26}.Debug|x86.ActiveCfg = Debug|Any CPU
		{957FA69C-B298-4D29-81C8-DCA6B2075E26}.Debug|x86.Build.0 = Debug|Any CPU
		{957FA69C-B298-4D29-81C8-DCA6B2075E26}.Release|Any CPU.ActiveCfg = Release|Any CPU
		{957FA69C-B298-4D29-81C8-DCA6B2075E26}.Release|Any CPU.Build.0 = Release|Any CPU
		{957FA69C-B298-4D29-81C8-DCA6B2075E26}.Release|ARM.ActiveCfg = Release|Any CPU
		{957FA69C-B298-4D29-81C8-DCA6B2075E26}.Release|ARM.Build.0 = Release|Any CPU
		{957FA69C-B298-4D29-81C8-DCA6B2075E26}.Release|ARM64.ActiveCfg = Release|Any CPU
		{957FA69C-B298-4D29-81C8-DCA6B2075E26}.Release|ARM64.Build.0 = Release|Any CPU
		{957FA69C-B298-4D29-81C8-DCA6B2075E26}.Release|x64.ActiveCfg = Release|Any CPU
		{957FA69C-B298-4D29-81C8-DCA6B2075E26}.Release|x64.Build.0 = Release|Any CPU
		{957FA69C-B298-4D29-81C8-DCA6B2075E26}.Release|x86.ActiveCfg = Release|Any CPU
		{957FA69C-B298-4D29-81C8-DCA6B2075E26}.Release|x86.Build.0 = Release|Any CPU
	EndGlobalSection
	GlobalSection(SolutionProperties) = preSolution
		HideSolutionNode = FALSE
	EndGlobalSection
	GlobalSection(ExtensibilityGlobals) = postSolution
		SolutionGuid = {476843ED-DBC2-48D0-88C3-4498A0B23A57}
	EndGlobalSection
EndGlobal
